
Microsoft Visual Studio Solution File, Format Version 12.00
# Visual Studio 2013
VisualStudioVersion = 12.0.40629.0
MinimumVisualStudioVersion = 10.0.40219.1
Project("{2150E333-8FDC-42A3-9474-1A3956D46DE8}") = "Front", "Front", "{1D52E100-6EA4-4933-ACDD-0AFC17B48DF4}"
EndProject
Project("{FAE04EC0-301F-11D3-BF4B-00C04F79EFBC}") = "Winxuan.Web", "Winxuan.Web\Winxuan.Web.csproj", "{45365754-9679-4604-BCE9-5C7380A3BDE7}"
EndProject
Global
	GlobalSection(SolutionConfigurationPlatforms) = preSolution
		Debug|Any CPU = Debug|Any CPU
		Release|Any CPU = Release|Any CPU
	EndGlobalSection
	GlobalSection(ProjectConfigurationPlatforms) = postSolution
		{45365754-9679-4604-BCE9-5C7380A3BDE7}.Debug|Any CPU.ActiveCfg = Debug|Any CPU
		{45365754-9679-4604-BCE9-5C7380A3BDE7}.Debug|Any CPU.Build.0 = Debug|Any CPU
		{45365754-9679-4604-BCE9-5C7380A3BDE7}.Release|Any CPU.ActiveCfg = Release|Any CPU
		{45365754-9679-4604-BCE9-5C7380A3BDE7}.Release|Any CPU.Build.0 = Release|Any CPU
	EndGlobalSection
	GlobalSection(SolutionProperties) = preSolution
		HideSolutionNode = FALSE
	EndGlobalSection
	GlobalSection(NestedProjects) = preSolution
		{45365754-9679-4604-BCE9-5C7380A3BDE7} = {1D52E100-6EA4-4933-ACDD-0AFC17B48DF4}
	EndGlobalSection
EndGlobal
