
Microsoft Visual Studio Solution File, Format Version 12.00
# Visual Studio 2013
VisualStudioVersion = 12.0.40629.0
MinimumVisualStudioVersion = 10.0.40219.1
Project("{2150E333-8FDC-42A3-9474-1A3956D46DE8}") = "Web", "Web", "{1D52E100-6EA4-4933-ACDD-0AFC17B48DF4}"
EndProject
Project("{FAE04EC0-301F-11D3-BF4B-00C04F79EFBC}") = "Winxuan.Web", "Winxuan.Web\Winxuan.Web.csproj", "{45365754-9679-4604-BCE9-5C7380A3BDE7}"
EndProject
Project("{2150E333-8FDC-42A3-9474-1A3956D46DE8}") = "Console", "Console", "{7130FAC6-F14A-4465-9690-5098564623AF}"
EndProject
Project("{2150E333-8FDC-42A3-9474-1A3956D46DE8}") = "API", "API", "{4BFA2BAA-7EA1-4D44-99F7-EC539B9638BE}"
EndProject
Project("{FAE04EC0-301F-11D3-BF4B-00C04F79EFBC}") = "Winxuan.WebApi", "Winxuan.WebApi\Winxuan.WebApi.csproj", "{2ACA3C66-1BEC-41DD-8E93-941A0C027DCA}"
EndProject
Project("{FAE04EC0-301F-11D3-BF4B-00C04F79EFBC}") = "Winxuan.Console.All", "Winxuan.Console.All\Winxuan.Console.All.csproj", "{68F4E819-0247-47C7-B8AD-6F3A26927576}"
EndProject
Project("{2150E333-8FDC-42A3-9474-1A3956D46DE8}") = "Client", "Client", "{131C8750-430D-4D41-9C31-B4852B14C9F9}"
EndProject
Project("{FAE04EC0-301F-11D3-BF4B-00C04F79EFBC}") = "Winxuan.Client", "Winxuan.Client\Winxuan.Client.csproj", "{8EFEE91E-F659-4C7A-8BF7-8080F721F128}"
EndProject
Project("{2150E333-8FDC-42A3-9474-1A3956D46DE8}") = "Data", "Data", "{24D38ED6-C960-43D7-8A30-3733776D41C6}"
EndProject
Project("{FAE04EC0-301F-11D3-BF4B-00C04F79EFBC}") = "Winxuan.File", "Winxuan.File\Winxuan.File.csproj", "{67262D9E-594A-4A34-8B62-7B7F69650144}"
EndProject
Project("{FAE04EC0-301F-11D3-BF4B-00C04F79EFBC}") = "Winxuan.Data", "Winxuan.Data\Winxuan.Data.csproj", "{AFA45B75-C83D-49BB-8108-7D8B2D965352}"
EndProject
Project("{FAE04EC0-301F-11D3-BF4B-00C04F79EFBC}") = "Winxuan.Service", "Winxuan.Service\Winxuan.Service.csproj", "{D6603D1E-F0B7-42A8-B241-4A2DFCE39B09}"
EndProject
Project("{2150E333-8FDC-42A3-9474-1A3956D46DE8}") = "Infrastructure", "Infrastructure", "{F6CA051F-9BE2-4666-9F9C-D219D02D72B6}"
EndProject
Project("{FAE04EC0-301F-11D3-BF4B-00C04F79EFBC}") = "Winxuan.Infrastructure", "Winxuan.Infrastructure\Winxuan.Infrastructure.csproj", "{AE2112AC-8B37-4DEC-BDB2-69CFAC40E92E}"
EndProject
Project("{FAE04EC0-301F-11D3-BF4B-00C04F79EFBC}") = "Winxuan.Infrastructure.Test", "Winxuan.Infrastructure.Test\Winxuan.Infrastructure.Test.csproj", "{601023A8-5986-4111-A342-207BD6EAABC5}"
EndProject
Global
	GlobalSection(SolutionConfigurationPlatforms) = preSolution
		Debug|Any CPU = Debug|Any CPU
		Release|Any CPU = Release|Any CPU
	EndGlobalSection
	GlobalSection(ProjectConfigurationPlatforms) = postSolution
		{45365754-9679-4604-BCE9-5C7380A3BDE7}.Debug|Any CPU.ActiveCfg = Debug|Any CPU
		{45365754-9679-4604-BCE9-5C7380A3BDE7}.Debug|Any CPU.Build.0 = Debug|Any CPU
		{45365754-9679-4604-BCE9-5C7380A3BDE7}.Release|Any CPU.ActiveCfg = Release|Any CPU
		{45365754-9679-4604-BCE9-5C7380A3BDE7}.Release|Any CPU.Build.0 = Release|Any CPU
		{2ACA3C66-1BEC-41DD-8E93-941A0C027DCA}.Debug|Any CPU.ActiveCfg = Debug|Any CPU
		{2ACA3C66-1BEC-41DD-8E93-941A0C027DCA}.Debug|Any CPU.Build.0 = Debug|Any CPU
		{2ACA3C66-1BEC-41DD-8E93-941A0C027DCA}.Release|Any CPU.ActiveCfg = Release|Any CPU
		{2ACA3C66-1BEC-41DD-8E93-941A0C027DCA}.Release|Any CPU.Build.0 = Release|Any CPU
		{68F4E819-0247-47C7-B8AD-6F3A26927576}.Debug|Any CPU.ActiveCfg = Debug|Any CPU
		{68F4E819-0247-47C7-B8AD-6F3A26927576}.Debug|Any CPU.Build.0 = Debug|Any CPU
		{68F4E819-0247-47C7-B8AD-6F3A26927576}.Release|Any CPU.ActiveCfg = Release|Any CPU
		{68F4E819-0247-47C7-B8AD-6F3A26927576}.Release|Any CPU.Build.0 = Release|Any CPU
		{8EFEE91E-F659-4C7A-8BF7-8080F721F128}.Debug|Any CPU.ActiveCfg = Debug|Any CPU
		{8EFEE91E-F659-4C7A-8BF7-8080F721F128}.Debug|Any CPU.Build.0 = Debug|Any CPU
		{8EFEE91E-F659-4C7A-8BF7-8080F721F128}.Release|Any CPU.ActiveCfg = Release|Any CPU
		{8EFEE91E-F659-4C7A-8BF7-8080F721F128}.Release|Any CPU.Build.0 = Release|Any CPU
		{67262D9E-594A-4A34-8B62-7B7F69650144}.Debug|Any CPU.ActiveCfg = Debug|Any CPU
		{67262D9E-594A-4A34-8B62-7B7F69650144}.Debug|Any CPU.Build.0 = Debug|Any CPU
		{67262D9E-594A-4A34-8B62-7B7F69650144}.Release|Any CPU.ActiveCfg = Release|Any CPU
		{67262D9E-594A-4A34-8B62-7B7F69650144}.Release|Any CPU.Build.0 = Release|Any CPU
		{AFA45B75-C83D-49BB-8108-7D8B2D965352}.Debug|Any CPU.ActiveCfg = Debug|Any CPU
		{AFA45B75-C83D-49BB-8108-7D8B2D965352}.Debug|Any CPU.Build.0 = Debug|Any CPU
		{AFA45B75-C83D-49BB-8108-7D8B2D965352}.Release|Any CPU.ActiveCfg = Release|Any CPU
		{AFA45B75-C83D-49BB-8108-7D8B2D965352}.Release|Any CPU.Build.0 = Release|Any CPU
		{D6603D1E-F0B7-42A8-B241-4A2DFCE39B09}.Debug|Any CPU.ActiveCfg = Debug|Any CPU
		{D6603D1E-F0B7-42A8-B241-4A2DFCE39B09}.Debug|Any CPU.Build.0 = Debug|Any CPU
		{D6603D1E-F0B7-42A8-B241-4A2DFCE39B09}.Release|Any CPU.ActiveCfg = Release|Any CPU
		{D6603D1E-F0B7-42A8-B241-4A2DFCE39B09}.Release|Any CPU.Build.0 = Release|Any CPU
		{AE2112AC-8B37-4DEC-BDB2-69CFAC40E92E}.Debug|Any CPU.ActiveCfg = Debug|Any CPU
		{AE2112AC-8B37-4DEC-BDB2-69CFAC40E92E}.Debug|Any CPU.Build.0 = Debug|Any CPU
		{AE2112AC-8B37-4DEC-BDB2-69CFAC40E92E}.Release|Any CPU.ActiveCfg = Release|Any CPU
		{AE2112AC-8B37-4DEC-BDB2-69CFAC40E92E}.Release|Any CPU.Build.0 = Release|Any CPU
		{601023A8-5986-4111-A342-207BD6EAABC5}.Debug|Any CPU.ActiveCfg = Debug|Any CPU
		{601023A8-5986-4111-A342-207BD6EAABC5}.Debug|Any CPU.Build.0 = Debug|Any CPU
		{601023A8-5986-4111-A342-207BD6EAABC5}.Release|Any CPU.ActiveCfg = Release|Any CPU
		{601023A8-5986-4111-A342-207BD6EAABC5}.Release|Any CPU.Build.0 = Release|Any CPU
	EndGlobalSection
	GlobalSection(SolutionProperties) = preSolution
		HideSolutionNode = FALSE
	EndGlobalSection
	GlobalSection(NestedProjects) = preSolution
		{45365754-9679-4604-BCE9-5C7380A3BDE7} = {1D52E100-6EA4-4933-ACDD-0AFC17B48DF4}
		{2ACA3C66-1BEC-41DD-8E93-941A0C027DCA} = {4BFA2BAA-7EA1-4D44-99F7-EC539B9638BE}
		{68F4E819-0247-47C7-B8AD-6F3A26927576} = {7130FAC6-F14A-4465-9690-5098564623AF}
		{8EFEE91E-F659-4C7A-8BF7-8080F721F128} = {131C8750-430D-4D41-9C31-B4852B14C9F9}
		{67262D9E-594A-4A34-8B62-7B7F69650144} = {24D38ED6-C960-43D7-8A30-3733776D41C6}
		{AFA45B75-C83D-49BB-8108-7D8B2D965352} = {24D38ED6-C960-43D7-8A30-3733776D41C6}
		{D6603D1E-F0B7-42A8-B241-4A2DFCE39B09} = {4BFA2BAA-7EA1-4D44-99F7-EC539B9638BE}
		{AE2112AC-8B37-4DEC-BDB2-69CFAC40E92E} = {F6CA051F-9BE2-4666-9F9C-D219D02D72B6}
		{601023A8-5986-4111-A342-207BD6EAABC5} = {F6CA051F-9BE2-4666-9F9C-D219D02D72B6}
	EndGlobalSection
EndGlobal
